
Microsoft Visual Studio Solution File, Format Version 12.00
# Visual Studio Version 17
VisualStudioVersion = 17.3.32922.545
MinimumVisualStudioVersion = 10.0.40219.1
Project("{9A19103F-16F7-4668-BE54-9A1E7A4F7556}") = "Life-Habit-Tracker", "Life-Habit-Tracker.csproj", "{A5107D4D-964B-4406-85F9-AE9ED3DC78ED}"
EndProject
Project("{FAE04EC0-301F-11D3-BF4B-00C04F79EFBC}") = "LifeHabitTracker.BusinessLogicLayer", "..\LifeHabitTracker.BusinessLogicLayer\LifeHabitTracker.BusinessLogicLayer.csproj", "{97B61D92-54A4-4707-A2B0-4343A950DFBC}"
EndProject
Global
	GlobalSection(SolutionConfigurationPlatforms) = preSolution
		Debug|Any CPU = Debug|Any CPU
		Release|Any CPU = Release|Any CPU
	EndGlobalSection
	GlobalSection(ProjectConfigurationPlatforms) = postSolution
		{A5107D4D-964B-4406-85F9-AE9ED3DC78ED}.Debug|Any CPU.ActiveCfg = Debug|Any CPU
		{A5107D4D-964B-4406-85F9-AE9ED3DC78ED}.Debug|Any CPU.Build.0 = Debug|Any CPU
		{A5107D4D-964B-4406-85F9-AE9ED3DC78ED}.Release|Any CPU.ActiveCfg = Release|Any CPU
		{A5107D4D-964B-4406-85F9-AE9ED3DC78ED}.Release|Any CPU.Build.0 = Release|Any CPU
		{97B61D92-54A4-4707-A2B0-4343A950DFBC}.Debug|Any CPU.ActiveCfg = Debug|Any CPU
		{97B61D92-54A4-4707-A2B0-4343A950DFBC}.Debug|Any CPU.Build.0 = Debug|Any CPU
		{97B61D92-54A4-4707-A2B0-4343A950DFBC}.Release|Any CPU.ActiveCfg = Release|Any CPU
		{97B61D92-54A4-4707-A2B0-4343A950DFBC}.Release|Any CPU.Build.0 = Release|Any CPU
	EndGlobalSection
	GlobalSection(SolutionProperties) = preSolution
		HideSolutionNode = FALSE
	EndGlobalSection
	GlobalSection(ExtensibilityGlobals) = postSolution
		SolutionGuid = {8F938D04-5CCF-49C2-A443-B285FDE647FE}
	EndGlobalSection
EndGlobal
