
Microsoft Visual Studio Solution File, Format Version 12.00
# Visual Studio Version 17
VisualStudioVersion = 17.3.32922.545
MinimumVisualStudioVersion = 10.0.40219.1
Project("{FAE04EC0-301F-11D3-BF4B-00C04F79EFBC}") = "LifeHabitTracker.Console", "LifeHabitTracker.Console\LifeHabitTracker.Console.csproj", "{1C2491B4-772B-45BF-AB71-0B92FBD0E6F7}"
EndProject
Project("{FAE04EC0-301F-11D3-BF4B-00C04F79EFBC}") = "LifeHabitTracker.BusinessLogicLayer", "LifeHabitTracker.BusinessLogicLayer\LifeHabitTracker.BusinessLogicLayer.csproj", "{DBFD12EE-3E15-43A0-8B7F-CBB41D7C2424}"
EndProject
Global
	GlobalSection(SolutionConfigurationPlatforms) = preSolution
		Debug|Any CPU = Debug|Any CPU
		Release|Any CPU = Release|Any CPU
	EndGlobalSection
	GlobalSection(ProjectConfigurationPlatforms) = postSolution
		{1C2491B4-772B-45BF-AB71-0B92FBD0E6F7}.Debug|Any CPU.ActiveCfg = Debug|Any CPU
		{1C2491B4-772B-45BF-AB71-0B92FBD0E6F7}.Debug|Any CPU.Build.0 = Debug|Any CPU
		{1C2491B4-772B-45BF-AB71-0B92FBD0E6F7}.Release|Any CPU.ActiveCfg = Release|Any CPU
		{1C2491B4-772B-45BF-AB71-0B92FBD0E6F7}.Release|Any CPU.Build.0 = Release|Any CPU
		{DBFD12EE-3E15-43A0-8B7F-CBB41D7C2424}.Debug|Any CPU.ActiveCfg = Debug|Any CPU
		{DBFD12EE-3E15-43A0-8B7F-CBB41D7C2424}.Debug|Any CPU.Build.0 = Debug|Any CPU
		{DBFD12EE-3E15-43A0-8B7F-CBB41D7C2424}.Release|Any CPU.ActiveCfg = Release|Any CPU
		{DBFD12EE-3E15-43A0-8B7F-CBB41D7C2424}.Release|Any CPU.Build.0 = Release|Any CPU
	EndGlobalSection
	GlobalSection(SolutionProperties) = preSolution
		HideSolutionNode = FALSE
	EndGlobalSection
	GlobalSection(ExtensibilityGlobals) = postSolution
		SolutionGuid = {396B5E85-6244-4675-8EDB-B766C8BF950A}
	EndGlobalSection
EndGlobal
